
Microsoft Visual Studio Solution File, Format Version 12.00
# Visual Studio Version 16
VisualStudioVersion = 16.0.30523.141
MinimumVisualStudioVersion = 10.0.40219.1
Project("{8BC9CEB8-8B4A-11D0-8D11-00A0C91BC942}") = "数字结构-实验二", "数字结构-实验二\数字结构-实验二.vcxproj", "{533A155D-D1D6-47AB-BB40-D93B74995B7A}"
EndProject
Global
	GlobalSection(SolutionConfigurationPlatforms) = preSolution
		Debug|x64 = Debug|x64
		Debug|x86 = Debug|x86
		Release|x64 = Release|x64
		Release|x86 = Release|x86
	EndGlobalSection
	GlobalSection(ProjectConfigurationPlatforms) = postSolution
		{533A155D-D1D6-47AB-BB40-D93B74995B7A}.Debug|x64.ActiveCfg = Debug|x64
		{533A155D-D1D6-47AB-BB40-D93B74995B7A}.Debug|x64.Build.0 = Debug|x64
		{533A155D-D1D6-47AB-BB40-D93B74995B7A}.Debug|x86.ActiveCfg = Debug|Win32
		{533A155D-D1D6-47AB-BB40-D93B74995B7A}.Debug|x86.Build.0 = Debug|Win32
		{533A155D-D1D6-47AB-BB40-D93B74995B7A}.Release|x64.ActiveCfg = Release|x64
		{533A155D-D1D6-47AB-BB40-D93B74995B7A}.Release|x64.Build.0 = Release|x64
		{533A155D-D1D6-47AB-BB40-D93B74995B7A}.Release|x86.ActiveCfg = Release|Win32
		{533A155D-D1D6-47AB-BB40-D93B74995B7A}.Release|x86.Build.0 = Release|Win32
	EndGlobalSection
	GlobalSection(SolutionProperties) = preSolution
		HideSolutionNode = FALSE
	EndGlobalSection
	GlobalSection(ExtensibilityGlobals) = postSolution
		SolutionGuid = {FEB1563C-189A-40BE-A2D4-A7CF5C50C063}
	EndGlobalSection
EndGlobal
